// !$*UTF8*$!
{
	archiveVersion = 1;
	classes = {
	};
	objectVersion = 50;
	objects = {

/* Begin PBXBuildFile section */
		42DAE5E624966A75000584D0 /* AppDelegate.swift in Sources */ = {isa = PBXBuildFile; fileRef = 42DAE5E524966A75000584D0 /* AppDelegate.swift */; };
		42DAE5E824966A75000584D0 /* ViewController.swift in Sources */ = {isa = PBXBuildFile; fileRef = 42DAE5E724966A75000584D0 /* ViewController.swift */; };
		42DAE5EA24966A77000584D0 /* Assets.xcassets in Resources */ = {isa = PBXBuildFile; fileRef = 42DAE5E924966A77000584D0 /* Assets.xcassets */; };
		42DAE5ED24966A77000584D0 /* Main.storyboard in Resources */ = {isa = PBXBuildFile; fileRef = 42DAE5EB24966A77000584D0 /* Main.storyboard */; };
		42DAE5FA24966A84000584D0 /* AppDelegate.swift in Sources */ = {isa = PBXBuildFile; fileRef = 42DAE5F924966A84000584D0 /* AppDelegate.swift */; };
		42DAE5FC24966A84000584D0 /* ViewController.swift in Sources */ = {isa = PBXBuildFile; fileRef = 42DAE5FB24966A84000584D0 /* ViewController.swift */; };
		42DAE5FE24966A85000584D0 /* Assets.xcassets in Resources */ = {isa = PBXBuildFile; fileRef = 42DAE5FD24966A85000584D0 /* Assets.xcassets */; };
		42DAE60124966A85000584D0 /* Main.storyboard in Resources */ = {isa = PBXBuildFile; fileRef = 42DAE5FF24966A85000584D0 /* Main.storyboard */; };
/* End PBXBuildFile section */

/* Begin PBXFileReference section */
		42DAE5E324966A75000584D0 /* sender.app */ = {isa = PBXFileReference; explicitFileType = wrapper.application; includeInIndex = 0; path = sender.app; sourceTree = BUILT_PRODUCTS_DIR; };
		42DAE5E524966A75000584D0 /* AppDelegate.swift */ = {isa = PBXFileReference; lastKnownFileType = sourcecode.swift; path = AppDelegate.swift; sourceTree = "<group>"; };
		42DAE5E724966A75000584D0 /* ViewController.swift */ = {isa = PBXFileReference; lastKnownFileType = sourcecode.swift; path = ViewController.swift; sourceTree = "<group>"; };
		42DAE5E924966A77000584D0 /* Assets.xcassets */ = {isa = PBXFileReference; lastKnownFileType = folder.assetcatalog; path = Assets.xcassets; sourceTree = "<group>"; };
		42DAE5EC24966A77000584D0 /* Base */ = {isa = PBXFileReference; lastKnownFileType = file.storyboard; name = Base; path = Base.lproj/Main.storyboard; sourceTree = "<group>"; };
		42DAE5EE24966A77000584D0 /* Info.plist */ = {isa = PBXFileReference; lastKnownFileType = text.plist.xml; path = Info.plist; sourceTree = "<group>"; };
		42DAE5EF24966A77000584D0 /* sender.entitlements */ = {isa = PBXFileReference; lastKnownFileType = text.plist.entitlements; path = sender.entitlements; sourceTree = "<group>"; };
		42DAE5F724966A84000584D0 /* receiver.app */ = {isa = PBXFileReference; explicitFileType = wrapper.application; includeInIndex = 0; path = receiver.app; sourceTree = BUILT_PRODUCTS_DIR; };
		42DAE5F924966A84000584D0 /* AppDelegate.swift */ = {isa = PBXFileReference; lastKnownFileType = sourcecode.swift; path = AppDelegate.swift; sourceTree = "<group>"; };
		42DAE5FB24966A84000584D0 /* ViewController.swift */ = {isa = PBXFileReference; lastKnownFileType = sourcecode.swift; path = ViewController.swift; sourceTree = "<group>"; };
		42DAE5FD24966A85000584D0 /* Assets.xcassets */ = {isa = PBXFileReference; lastKnownFileType = folder.assetcatalog; path = Assets.xcassets; sourceTree = "<group>"; };
		42DAE60024966A85000584D0 /* Base */ = {isa = PBXFileReference; lastKnownFileType = file.storyboard; name = Base; path = Base.lproj/Main.storyboard; sourceTree = "<group>"; };
		42DAE60224966A85000584D0 /* Info.plist */ = {isa = PBXFileReference; lastKnownFileType = text.plist.xml; path = Info.plist; sourceTree = "<group>"; };
		42DAE60324966A85000584D0 /* receiver.entitlements */ = {isa = PBXFileReference; lastKnownFileType = text.plist.entitlements; path = receiver.entitlements; sourceTree = "<group>"; };
/* End PBXFileReference section */

/* Begin PBXFrameworksBuildPhase section */
		42DAE5E024966A75000584D0 /* Frameworks */ = {
			isa = PBXFrameworksBuildPhase;
			buildActionMask = 2147483647;
			files = (
			);
			runOnlyForDeploymentPostprocessing = 0;
		};
		42DAE5F424966A84000584D0 /* Frameworks */ = {
			isa = PBXFrameworksBuildPhase;
			buildActionMask = 2147483647;
			files = (
			);
			runOnlyForDeploymentPostprocessing = 0;
		};
/* End PBXFrameworksBuildPhase section */

/* Begin PBXGroup section */
		42DAE5C324966A57000584D0 = {
			isa = PBXGroup;
			children = (
				42DAE5E424966A75000584D0 /* sender */,
				42DAE5F824966A84000584D0 /* receiver */,
				42DAE5CD24966A58000584D0 /* Products */,
			);
			sourceTree = "<group>";
		};
		42DAE5CD24966A58000584D0 /* Products */ = {
			isa = PBXGroup;
			children = (
				42DAE5E324966A75000584D0 /* sender.app */,
				42DAE5F724966A84000584D0 /* receiver.app */,
			);
			name = Products;
			sourceTree = "<group>";
		};
		42DAE5E424966A75000584D0 /* sender */ = {
			isa = PBXGroup;
			children = (
				42DAE5E524966A75000584D0 /* AppDelegate.swift */,
				42DAE5E724966A75000584D0 /* ViewController.swift */,
				42DAE5E924966A77000584D0 /* Assets.xcassets */,
				42DAE5EB24966A77000584D0 /* Main.storyboard */,
				42DAE5EE24966A77000584D0 /* Info.plist */,
				42DAE5EF24966A77000584D0 /* sender.entitlements */,
			);
			path = sender;
			sourceTree = "<group>";
		};
		42DAE5F824966A84000584D0 /* receiver */ = {
			isa = PBXGroup;
			children = (
				42DAE5F924966A84000584D0 /* AppDelegate.swift */,
				42DAE5FB24966A84000584D0 /* ViewController.swift */,
				42DAE5FD24966A85000584D0 /* Assets.xcassets */,
				42DAE5FF24966A85000584D0 /* Main.storyboard */,
				42DAE60224966A85000584D0 /* Info.plist */,
				42DAE60324966A85000584D0 /* receiver.entitlements */,
			);
			path = receiver;
			sourceTree = "<group>";
		};
/* End PBXGroup section */

/* Begin PBXNativeTarget section */
		42DAE5E224966A75000584D0 /* sender */ = {
			isa = PBXNativeTarget;
			buildConfigurationList = 42DAE5F024966A77000584D0 /* Build configuration list for PBXNativeTarget "sender" */;
			buildPhases = (
				42DAE5DF24966A75000584D0 /* Sources */,
				42DAE5E024966A75000584D0 /* Frameworks */,
				42DAE5E124966A75000584D0 /* Resources */,
			);
			buildRules = (
			);
			dependencies = (
			);
			name = sender;
			productName = sender;
			productReference = 42DAE5E324966A75000584D0 /* sender.app */;
			productType = "com.apple.product-type.application";
		};
		42DAE5F624966A84000584D0 /* receiver */ = {
			isa = PBXNativeTarget;
			buildConfigurationList = 42DAE60424966A85000584D0 /* Build configuration list for PBXNativeTarget "receiver" */;
			buildPhases = (
				42DAE5F324966A84000584D0 /* Sources */,
				42DAE5F424966A84000584D0 /* Frameworks */,
				42DAE5F524966A84000584D0 /* Resources */,
			);
			buildRules = (
			);
			dependencies = (
			);
			name = receiver;
			productName = receiver;
			productReference = 42DAE5F724966A84000584D0 /* receiver.app */;
			productType = "com.apple.product-type.application";
		};
/* End PBXNativeTarget section */

/* Begin PBXProject section */
		42DAE5C424966A57000584D0 /* Project object */ = {
			isa = PBXProject;
			attributes = {
				LastSwiftUpdateCheck = 1150;
				LastUpgradeCheck = 1150;
				ORGANIZATIONNAME = hira;
				TargetAttributes = {
					42DAE5E224966A75000584D0 = {
						CreatedOnToolsVersion = 11.5;
					};
					42DAE5F624966A84000584D0 = {
						CreatedOnToolsVersion = 11.5;
					};
				};
			};
			buildConfigurationList = 42DAE5C724966A57000584D0 /* Build configuration list for PBXProject "distributed_notiifcation_sample" */;
			compatibilityVersion = "Xcode 9.3";
			developmentRegion = en;
			hasScannedForEncodings = 0;
			knownRegions = (
				en,
				Base,
			);
			mainGroup = 42DAE5C324966A57000584D0;
			productRefGroup = 42DAE5CD24966A58000584D0 /* Products */;
			projectDirPath = "";
			projectRoot = "";
			targets = (
				42DAE5E224966A75000584D0 /* sender */,
				42DAE5F624966A84000584D0 /* receiver */,
			);
		};
/* End PBXProject section */

/* Begin PBXResourcesBuildPhase section */
		42DAE5E124966A75000584D0 /* Resources */ = {
			isa = PBXResourcesBuildPhase;
			buildActionMask = 2147483647;
			files = (
				42DAE5EA24966A77000584D0 /* Assets.xcassets in Resources */,
				42DAE5ED24966A77000584D0 /* Main.storyboard in Resources */,
			);
			runOnlyForDeploymentPostprocessing = 0;
		};
		42DAE5F524966A84000584D0 /* Resources */ = {
			isa = PBXResourcesBuildPhase;
			buildActionMask = 2147483647;
			files = (
				42DAE5FE24966A85000584D0 /* Assets.xcassets in Resources */,
				42DAE60124966A85000584D0 /* Main.storyboard in Resources */,
			);
			runOnlyForDeploymentPostprocessing = 0;
		};
/* End PBXResourcesBuildPhase section */

/* Begin PBXSourcesBuildPhase section */
		42DAE5DF24966A75000584D0 /* Sources */ = {
			isa = PBXSourcesBuildPhase;
			buildActionMask = 2147483647;
			files = (
				42DAE5E824966A75000584D0 /* ViewController.swift in Sources */,
				42DAE5E624966A75000584D0 /* AppDelegate.swift in Sources */,
			);
			runOnlyForDeploymentPostprocessing = 0;
		};
		42DAE5F324966A84000584D0 /* Sources */ = {
			isa = PBXSourcesBuildPhase;
			buildActionMask = 2147483647;
			files = (
				42DAE5FC24966A84000584D0 /* ViewController.swift in Sources */,
				42DAE5FA24966A84000584D0 /* AppDelegate.swift in Sources */,
			);
			runOnlyForDeploymentPostprocessing = 0;
		};
/* End PBXSourcesBuildPhase section */

/* Begin PBXVariantGroup section */
		42DAE5EB24966A77000584D0 /* Main.storyboard */ = {
			isa = PBXVariantGroup;
			children = (
				42DAE5EC24966A77000584D0 /* Base */,
			);
			name = Main.storyboard;
			sourceTree = "<group>";
		};
		42DAE5FF24966A85000584D0 /* Main.storyboard */ = {
			isa = PBXVariantGroup;
			children = (
				42DAE60024966A85000584D0 /* Base */,
			);
			name = Main.storyboard;
			sourceTree = "<group>";
		};
/* End PBXVariantGroup section */

/* Begin XCBuildConfiguration section */
		42DAE5DA24966A5B000584D0 /* Debug */ = {
			isa = XCBuildConfiguration;
			buildSettings = {
				ALWAYS_SEARCH_USER_PATHS = NO;
				CLANG_ANALYZER_NONNULL = YES;
				CLANG_ANALYZER_NUMBER_OBJECT_CONVERSION = YES_AGGRESSIVE;
				CLANG_CXX_LANGUAGE_STANDARD = "gnu++14";
				CLANG_CXX_LIBRARY = "libc++";
				CLANG_ENABLE_MODULES = YES;
				CLANG_ENABLE_OBJC_ARC = YES;
				CLANG_ENABLE_OBJC_WEAK = YES;
				CLANG_WARN_BLOCK_CAPTURE_AUTORELEASING = YES;
				CLANG_WARN_BOOL_CONVERSION = YES;
				CLANG_WARN_COMMA = YES;
				CLANG_WARN_CONSTANT_CONVERSION = YES;
				CLANG_WARN_DEPRECATED_OBJC_IMPLEMENTATIONS = YES;
				CLANG_WARN_DIRECT_OBJC_ISA_USAGE = YES_ERROR;
				CLANG_WARN_DOCUMENTATION_COMMENTS = YES;
				CLANG_WARN_EMPTY_BODY = YES;
				CLANG_WARN_ENUM_CONVERSION = YES;
				CLANG_WARN_INFINITE_RECURSION = YES;
				CLANG_WARN_INT_CONVERSION = YES;
				CLANG_WARN_NON_LITERAL_NULL_CONVERSION = YES;
				CLANG_WARN_OBJC_IMPLICIT_RETAIN_SELF = YES;
				CLANG_WARN_OBJC_LITERAL_CONVERSION = YES;
				CLANG_WARN_OBJC_ROOT_CLASS = YES_ERROR;
				CLANG_WARN_RANGE_LOOP_ANALYSIS = YES;
				CLANG_WARN_STRICT_PROTOTYPES = YES;
				CLANG_WARN_SUSPICIOUS_MOVE = YES;
				CLANG_WARN_UNGUARDED_AVAILABILITY = YES_AGGRESSIVE;
				CLANG_WARN_UNREACHABLE_CODE = YES;
				CLANG_WARN__DUPLICATE_METHOD_MATCH = YES;
				COPY_PHASE_STRIP = NO;
				DEBUG_INFORMATION_FORMAT = dwarf;
				ENABLE_STRICT_OBJC_MSGSEND = YES;
				ENABLE_TESTABILITY = YES;
				GCC_C_LANGUAGE_STANDARD = gnu11;
				GCC_DYNAMIC_NO_PIC = NO;
				GCC_NO_COMMON_BLOCKS = YES;
				GCC_OPTIMIZATION_LEVEL = 0;
				GCC_PREPROCESSOR_DEFINITIONS = (
					"DEBUG=1",
					"$(inherited)",
				);
				GCC_WARN_64_TO_32_BIT_CONVERSION = YES;
				GCC_WARN_ABOUT_RETURN_TYPE = YES_ERROR;
				GCC_WARN_UNDECLARED_SELECTOR = YES;
				GCC_WARN_UNINITIALIZED_AUTOS = YES_AGGRESSIVE;
				GCC_WARN_UNUSED_FUNCTION = YES;
				GCC_WARN_UNUSED_VARIABLE = YES;
				MACOSX_DEPLOYMENT_TARGET = 10.15;
				MTL_ENABLE_DEBUG_INFO = INCLUDE_SOURCE;
				MTL_FAST_MATH = YES;
				ONLY_ACTIVE_ARCH = YES;
				SDKROOT = macosx;
				SWIFT_ACTIVE_COMPILATION_CONDITIONS = DEBUG;
				SWIFT_OPTIMIZATION_LEVEL = "-Onone";
			};
			name = Debug;
		};
		42DAE5DB24966A5B000584D0 /* Release */ = {
			isa = XCBuildConfiguration;
			buildSettings = {
				ALWAYS_SEARCH_USER_PATHS = NO;
				CLANG_ANALYZER_NONNULL = YES;
				CLANG_ANALYZER_NUMBER_OBJECT_CONVERSION = YES_AGGRESSIVE;
				CLANG_CXX_LANGUAGE_STANDARD = "gnu++14";
				CLANG_CXX_LIBRARY = "libc++";
				CLANG_ENABLE_MODULES = YES;
				CLANG_ENABLE_OBJC_ARC = YES;
				CLANG_ENABLE_OBJC_WEAK = YES;
				CLANG_WARN_BLOCK_CAPTURE_AUTORELEASING = YES;
				CLANG_WARN_BOOL_CONVERSION = YES;
				CLANG_WARN_COMMA = YES;
				CLANG_WARN_CONSTANT_CONVERSION = YES;
				CLANG_WARN_DEPRECATED_OBJC_IMPLEMENTATIONS = YES;
				CLANG_WARN_DIRECT_OBJC_ISA_USAGE = YES_ERROR;
				CLANG_WARN_DOCUMENTATION_COMMENTS = YES;
				CLANG_WARN_EMPTY_BODY = YES;
				CLANG_WARN_ENUM_CONVERSION = YES;
				CLANG_WARN_INFINITE_RECURSION = YES;
				CLANG_WARN_INT_CONVERSION = YES;
				CLANG_WARN_NON_LITERAL_NULL_CONVERSION = YES;
				CLANG_WARN_OBJC_IMPLICIT_RETAIN_SELF = YES;
				CLANG_WARN_OBJC_LITERAL_CONVERSION = YES;
				CLANG_WARN_OBJC_ROOT_CLASS = YES_ERROR;
				CLANG_WARN_RANGE_LOOP_ANALYSIS = YES;
				CLANG_WARN_STRICT_PROTOTYPES = YES;
				CLANG_WARN_SUSPICIOUS_MOVE = YES;
				CLANG_WARN_UNGUARDED_AVAILABILITY = YES_AGGRESSIVE;
				CLANG_WARN_UNREACHABLE_CODE = YES;
				CLANG_WARN__DUPLICATE_METHOD_MATCH = YES;
				COPY_PHASE_STRIP = NO;
				DEBUG_INFORMATION_FORMAT = "dwarf-with-dsym";
				ENABLE_NS_ASSERTIONS = NO;
				ENABLE_STRICT_OBJC_MSGSEND = YES;
				GCC_C_LANGUAGE_STANDARD = gnu11;
				GCC_NO_COMMON_BLOCKS = YES;
				GCC_WARN_64_TO_32_BIT_CONVERSION = YES;
				GCC_WARN_ABOUT_RETURN_TYPE = YES_ERROR;
				GCC_WARN_UNDECLARED_SELECTOR = YES;
				GCC_WARN_UNINITIALIZED_AUTOS = YES_AGGRESSIVE;
				GCC_WARN_UNUSED_FUNCTION = YES;
				GCC_WARN_UNUSED_VARIABLE = YES;
				MACOSX_DEPLOYMENT_TARGET = 10.15;
				MTL_ENABLE_DEBUG_INFO = NO;
				MTL_FAST_MATH = YES;
				SDKROOT = macosx;
				SWIFT_COMPILATION_MODE = wholemodule;
				SWIFT_OPTIMIZATION_LEVEL = "-O";
			};
			name = Release;
		};
		42DAE5F124966A77000584D0 /* Debug */ = {
			isa = XCBuildConfiguration;
			buildSettings = {
				ASSETCATALOG_COMPILER_APPICON_NAME = AppIcon;
				CODE_SIGN_ENTITLEMENTS = sender/sender.entitlements;
				CODE_SIGN_STYLE = Automatic;
				COMBINE_HIDPI_IMAGES = YES;
				INFOPLIST_FILE = sender/Info.plist;
				LD_RUNPATH_SEARCH_PATHS = (
					"$(inherited)",
					"@executable_path/../Frameworks",
				);
				PRODUCT_BUNDLE_IDENTIFIER = hira.sender;
				PRODUCT_NAME = "$(TARGET_NAME)";
				SWIFT_VERSION = 5.0;
			};
			name = Debug;
		};
		42DAE5F224966A77000584D0 /* Release */ = {
			isa = XCBuildConfiguration;
			buildSettings = {
				ASSETCATALOG_COMPILER_APPICON_NAME = AppIcon;
				CODE_SIGN_ENTITLEMENTS = sender/sender.entitlements;
				CODE_SIGN_STYLE = Automatic;
				COMBINE_HIDPI_IMAGES = YES;
				INFOPLIST_FILE = sender/Info.plist;
				LD_RUNPATH_SEARCH_PATHS = (
					"$(inherited)",
					"@executable_path/../Frameworks",
				);
				PRODUCT_BUNDLE_IDENTIFIER = hira.sender;
				PRODUCT_NAME = "$(TARGET_NAME)";
				SWIFT_VERSION = 5.0;
			};
			name = Release;
		};
		42DAE60524966A85000584D0 /* Debug */ = {
			isa = XCBuildConfiguration;
			buildSettings = {
				ASSETCATALOG_COMPILER_APPICON_NAME = AppIcon;
				CODE_SIGN_ENTITLEMENTS = receiver/receiver.entitlements;
				CODE_SIGN_STYLE = Automatic;
				COMBINE_HIDPI_IMAGES = YES;
				INFOPLIST_FILE = receiver/Info.plist;
				LD_RUNPATH_SEARCH_PATHS = (
					"$(inherited)",
					"@executable_path/../Frameworks",
				);
				PRODUCT_BUNDLE_IDENTIFIER = hira.receiver;
				PRODUCT_NAME = "$(TARGET_NAME)";
				SWIFT_VERSION = 5.0;
			};
			name = Debug;
		};
		42DAE60624966A85000584D0 /* Release */ = {
			isa = XCBuildConfiguration;
			buildSettings = {
				ASSETCATALOG_COMPILER_APPICON_NAME = AppIcon;
				CODE_SIGN_ENTITLEMENTS = receiver/receiver.entitlements;
				CODE_SIGN_STYLE = Automatic;
				COMBINE_HIDPI_IMAGES = YES;
				INFOPLIST_FILE = receiver/Info.plist;
				LD_RUNPATH_SEARCH_PATHS = (
					"$(inherited)",
					"@executable_path/../Frameworks",
				);
				PRODUCT_BUNDLE_IDENTIFIER = hira.receiver;
				PRODUCT_NAME = "$(TARGET_NAME)";
				SWIFT_VERSION = 5.0;
			};
			name = Release;
		};
/* End XCBuildConfiguration section */

/* Begin XCConfigurationList section */
		42DAE5C724966A57000584D0 /* Build configuration list for PBXProject "distributed_notiifcation_sample" */ = {
			isa = XCConfigurationList;
			buildConfigurations = (
				42DAE5DA24966A5B000584D0 /* Debug */,
				42DAE5DB24966A5B000584D0 /* Release */,
			);
			defaultConfigurationIsVisible = 0;
			defaultConfigurationName = Release;
		};
		42DAE5F024966A77000584D0 /* Build configuration list for PBXNativeTarget "sender" */ = {
			isa = XCConfigurationList;
			buildConfigurations = (
				42DAE5F124966A77000584D0 /* Debug */,
				42DAE5F224966A77000584D0 /* Release */,
			);
			defaultConfigurationIsVisible = 0;
			defaultConfigurationName = Release;
		};
		42DAE60424966A85000584D0 /* Build configuration list for PBXNativeTarget "receiver" */ = {
			isa = XCConfigurationList;
			buildConfigurations = (
				42DAE60524966A85000584D0 /* Debug */,
				42DAE60624966A85000584D0 /* Release */,
			);
			defaultConfigurationIsVisible = 0;
			defaultConfigurationName = Release;
		};
/* End XCConfigurationList section */
	};
	rootObject = 42DAE5C424966A57000584D0 /* Project object */;
}
